<?xml version="1.0" encoding="utf-8"?>
<Project ToolsVersion="4.0" xmlns="http://schemas.microsoft.com/developer/msbuild/2003">
  <ItemGroup>
    <ClCompile Include="main.cpp" />
    <ClCompile Include="provided-code\QtObjectToRowColumnMapping.cpp">
      <Filter>provided-code</Filter>
    </ClCompile>
    <ClCompile Include="provided-code\TttMainWin.cpp">
      <Filter>provided-code</Filter>
    </ClCompile>
    <ClCompile Include="provided-code\SquareWidget.cpp">
      <Filter>provided-code</Filter>
    </ClCompile>
    <ClCompile Include="provided-code\TicTacToeWidget.cpp">
      <Filter>provided-code</Filter>
    </ClCompile>
  </ItemGroup>
  <ItemGroup>
    <ClInclude Include="provided-code\QtObjectToRowColumnMapping.h">
      <Filter>provided-code</Filter>
    </ClInclude>
    <ClInclude Include="provided-code\RowColumn.h">
      <Filter>provided-code</Filter>
    </ClInclude>
    <ClInclude Include="provided-code\SquareWidget.h">
      <Filter>provided-code</Filter>
    </ClInclude>
    <ClInclude Include="provided-code\TicTacToeWidget.h">
      <Filter>provided-code</Filter>
    </ClInclude>
    <ClInclude Include="main_functions.h" />
  </ItemGroup>
  <ItemGroup>
    <Filter Include="provided-code">
      <UniqueIdentifier>{2d7025e2-ab07-4b27-982e-8833dde8025f}</UniqueIdentifier>
    </Filter>
  </ItemGroup>
  <ItemGroup>
    <QtRcc Include="_fixed_tic_tac_toe.qrc">
      <Filter>provided-code</Filter>
    </QtRcc>
  </ItemGroup>
  <ItemGroup>
    <QtUic Include="_fixed_tic_tac_toe.ui">
      <Filter>provided-code</Filter>
    </QtUic>
  </ItemGroup>
  <ItemGroup>
    <None Include="02_fixed_tic_tac_toe.ico">
      <Filter>provided-code</Filter>
    </None>
  </ItemGroup>
  <ItemGroup>
    <ResourceCompile Include="02_fixed_tic_tac_toe.rc">
      <Filter>provided-code</Filter>
    </ResourceCompile>
  </ItemGroup>
  <ItemGroup>
    <QtMoc Include="provided-code\TttMainWin.h">
      <Filter>provided-code</Filter>
    </QtMoc>
  </ItemGroup>
</Project>